
Microsoft Visual Studio Solution File, Format Version 12.00
# Visual Studio 15
VisualStudioVersion = 15.0.27130.2036
MinimumVisualStudioVersion = 10.0.40219.1
Project("{9A19103F-16F7-4668-BE54-9A1E7A4F7556}") = "AWSServerlessApiTest", "AWSServerlessApiTest\AWSServerlessApiTest.csproj", "{F40B323A-F05C-40CE-83F4-460BD111CBE2}"
EndProject
Global
	GlobalSection(SolutionConfigurationPlatforms) = preSolution
		Debug|Any CPU = Debug|Any CPU
		Release|Any CPU = Release|Any CPU
	EndGlobalSection
	GlobalSection(ProjectConfigurationPlatforms) = postSolution
		{F40B323A-F05C-40CE-83F4-460BD111CBE2}.Debug|Any CPU.ActiveCfg = Debug|Any CPU
		{F40B323A-F05C-40CE-83F4-460BD111CBE2}.Debug|Any CPU.Build.0 = Debug|Any CPU
		{F40B323A-F05C-40CE-83F4-460BD111CBE2}.Release|Any CPU.ActiveCfg = Release|Any CPU
		{F40B323A-F05C-40CE-83F4-460BD111CBE2}.Release|Any CPU.Build.0 = Release|Any CPU
	EndGlobalSection
	GlobalSection(SolutionProperties) = preSolution
		HideSolutionNode = FALSE
	EndGlobalSection
	GlobalSection(ExtensibilityGlobals) = postSolution
		SolutionGuid = {ACD6EC62-D5B2-4BDD-B142-F532D43E4CA1}
	EndGlobalSection
EndGlobal
